
Microsoft Visual Studio Solution File, Format Version 12.00
# Visual Studio 15
VisualStudioVersion = 15.0.28307.271
MinimumVisualStudioVersion = 10.0.40219.1
Project("{FAE04EC0-301F-11D3-BF4B-00C04F79EFBC}") = "MacroFisher", "MacroFisher.csproj", "{EB96CBEB-340B-4A45-88D0-37FDB9D68235}"
EndProject
Project("{FAE04EC0-301F-11D3-BF4B-00C04F79EFBC}") = "Macros", "..\Macros\Macros.csproj", "{75B2AB66-281F-424F-8AF5-19D9941EAE23}"
EndProject
Global
	GlobalSection(SolutionConfigurationPlatforms) = preSolution
		Debug|Any CPU = Debug|Any CPU
		Release|Any CPU = Release|Any CPU
	EndGlobalSection
	GlobalSection(ProjectConfigurationPlatforms) = postSolution
		{EB96CBEB-340B-4A45-88D0-37FDB9D68235}.Debug|Any CPU.ActiveCfg = Debug|Any CPU
		{EB96CBEB-340B-4A45-88D0-37FDB9D68235}.Debug|Any CPU.Build.0 = Debug|Any CPU
		{EB96CBEB-340B-4A45-88D0-37FDB9D68235}.Release|Any CPU.ActiveCfg = Release|Any CPU
		{EB96CBEB-340B-4A45-88D0-37FDB9D68235}.Release|Any CPU.Build.0 = Release|Any CPU
		{75B2AB66-281F-424F-8AF5-19D9941EAE23}.Debug|Any CPU.ActiveCfg = Debug|Any CPU
		{75B2AB66-281F-424F-8AF5-19D9941EAE23}.Debug|Any CPU.Build.0 = Debug|Any CPU
		{75B2AB66-281F-424F-8AF5-19D9941EAE23}.Release|Any CPU.ActiveCfg = Release|Any CPU
		{75B2AB66-281F-424F-8AF5-19D9941EAE23}.Release|Any CPU.Build.0 = Release|Any CPU
	EndGlobalSection
	GlobalSection(SolutionProperties) = preSolution
		HideSolutionNode = FALSE
	EndGlobalSection
	GlobalSection(ExtensibilityGlobals) = postSolution
		SolutionGuid = {29CDAFBF-F10D-4046-88F6-25A013FCC379}
	EndGlobalSection
EndGlobal
